{
  "version": 4,
  "terraform_version": "0.12.20",
  "serial": 36,
  "lineage": "bb7b8a87-ae26-2315-08bc-750df6ca7b7a",
  "outputs": {},
  "resources": [
    {
      "mode": "managed",
      "type": "digitalocean_droplet",
      "name": "webmail",
      "provider": "provider.digitalocean",
      "instances": [
        {
          "schema_version": 1,
          "attributes": {
            "backups": false,
            "created_at": "2020-03-05T13:33:00Z",
            "disk": 60,
            "id": "183365325",
            "image": "ubuntu-18-04-x64",
            "ipv4_address": "167.172.148.206",
            "ipv4_address_private": "",
            "ipv6": false,
            "ipv6_address": "",
            "ipv6_address_private": null,
            "locked": false,
            "memory": 2048,
            "monitoring": false,
            "name": "webmail.otium.xyz",
            "price_hourly": 0.02232,
            "price_monthly": 15,
            "private_networking": false,
            "region": "nyc1",
            "resize_disk": true,
            "size": "s-2vcpu-2gb",
            "ssh_keys": [
              "41:39:82:bf:25:0a:d8:cb:68:aa:a8:66:5a:10:04:04"
            ],
            "status": "active",
            "tags": null,
            "urn": "do:droplet:183365325",
            "user_data": "940ca5151a88f1b35226acb699cb14e86e0f2d41",
            "vcpus": 2,
            "volume_ids": []
          },
          "private": "eyJzY2hlbWFfdmVyc2lvbiI6IjEifQ==",
          "dependencies": [
            "digitalocean_ssh_key.otium-ssh"
          ]
        }
      ]
    },
    {
      "mode": "managed",
      "type": "digitalocean_ssh_key",
      "name": "otium-ssh",
      "provider": "provider.digitalocean",
      "instances": [
        {
          "schema_version": 0,
          "attributes": {
            "fingerprint": "41:39:82:bf:25:0a:d8:cb:68:aa:a8:66:5a:10:04:04",
            "id": "26757495",
            "name": "otium-ssh",
            "public_key": "ssh-rsa AAAAB3NzaC1yc2EAAAADAQABAAACAQCkGs/rf5FeNEdXS3IpKgVcKQQpbApbKAPstmXHL9wFHGaktDUYoHgilZHQ9TDrED984QbpCUqrZPSvKR4sX7/C8iTXrIBOyDBYMeD/DemqdpawiOwAWyH4V3dTq1SAMWyhX3FZIjWtoEefS9KhIXv/A2dsGf4Crr1NKsJoOs1KOhNoFQJ6bsr8gD9gEwj4EUCLPCMFtWuKm/tK9vuIq817VUHajVVwoJP8K7Ad0y5peJznZ/SfCszurJZVQTlGOuWrlePx/uj0AlB4/kBtPEVEox+9HjiR7BDoxD4jnKKiuNLka/qu7bk3yExtkWqzZT0aVcXEQwYTqgpvhIVK8NUixzkXKpmXNqkv/TEGEEKxp7zp7VFmwzkzWTMUXog/4uNz48bMfBH8i0RUkkaGR8po+FfV/u/UubqZIq33/qy98eByggCZIWnM6SmG6CZPTEwXXFVeCcNVktnK4zHckcQHcd+73f0s/UjamUS+4T8jp5DM72wVPXV1oFNwVVw2tFZP8xyseSFrMt0RqNQ+zIqtvWY3iDE+Qee/lRMbyJEjgJLw5sbiI9I96XWYKLK0a/Dm53GO2pJP2eA5q7zu+/YyRE5Bp6IzUvA/N0fcxzw3zleppmjm92OGCyo2FH1eil2vERw4KgjZuHIqKvk2islErxmqmCsEVEkEqMWoiozZqw== digitalocean"
          },
          "private": "bnVsbA=="
        }
      ]
    }
  ]
}
